memo = "1b1ec727bfd8661e7ad335efb09163eea6507cd8495f25ea9e72b73961b9102c"

[[projects]]
  branch = "master"
  name = "github.com/medium/medium-sdk-go"
  packages = ["."]
  revision = "c6dd13a154d7580601528657f4fb931d0f413175"

[[projects]]
  branch = "master"
  name = "github.com/pkg/errors"
  packages = ["."]
  revision = "c605e284fe17294bda444b34710735b29d1a9d90"

[[projects]]
  branch = "master"
  name = "github.com/urfave/cli"
  packages = ["."]
  revision = "d70f47eeca3afd795160003bc6e28b001d60c67c"

[[projects]]
  branch = "master"
  name = "github.com/zchee/go-xdgbasedir"
  packages = [".","home"]
  revision = "9e3b9735d059747e24923def768d235d9df86b21"
